
Microsoft Visual Studio Solution File, Format Version 12.00
# Visual Studio Version 16
VisualStudioVersion = 16.0.31729.503
MinimumVisualStudioVersion = 10.0.40219.1
Project("{FAE04EC0-301F-11D3-BF4B-00C04F79EFBC}") = "AuthPLEWTests", "AuthPLEWTests\AuthPLEWTests.csproj", "{865E4F87-3923-42BB-A5D1-5CBD2C02B075}"
EndProject
Global
	GlobalSection(SolutionConfigurationPlatforms) = preSolution
		Debug|Any CPU = Debug|Any CPU
		Release|Any CPU = Release|Any CPU
	EndGlobalSection
	GlobalSection(ProjectConfigurationPlatforms) = postSolution
		{865E4F87-3923-42BB-A5D1-5CBD2C02B075}.Debug|Any CPU.ActiveCfg = Debug|Any CPU
		{865E4F87-3923-42BB-A5D1-5CBD2C02B075}.Debug|Any CPU.Build.0 = Debug|Any CPU
		{865E4F87-3923-42BB-A5D1-5CBD2C02B075}.Release|Any CPU.ActiveCfg = Release|Any CPU
		{865E4F87-3923-42BB-A5D1-5CBD2C02B075}.Release|Any CPU.Build.0 = Release|Any CPU
	EndGlobalSection
	GlobalSection(SolutionProperties) = preSolution
		HideSolutionNode = FALSE
	EndGlobalSection
	GlobalSection(ExtensibilityGlobals) = postSolution
		SolutionGuid = {2AE1912C-2753-4B19-8F8D-F2A307321E0E}
	EndGlobalSection
EndGlobal
